// !$*UTF8*$!
{
	archiveVersion = 1;
	classes = {
	};
	objectVersion = 46;
	objects = {

/* Begin PBXBuildFile section */
		68D818B91F0C3962005CA978 /* AppDelegate.swift in Sources */ = {isa = PBXBuildFile; fileRef = 68D818B81F0C3962005CA978 /* AppDelegate.swift */; };
		68D818BE1F0C3962005CA978 /* Main.storyboard in Resources */ = {isa = PBXBuildFile; fileRef = 68D818BC1F0C3962005CA978 /* Main.storyboard */; };
		68D818C01F0C3962005CA978 /* Assets.xcassets in Resources */ = {isa = PBXBuildFile; fileRef = 68D818BF1F0C3962005CA978 /* Assets.xcassets */; };
		68D818C31F0C3962005CA978 /* LaunchScreen.storyboard in Resources */ = {isa = PBXBuildFile; fileRef = 68D818C11F0C3962005CA978 /* LaunchScreen.storyboard */; };
		68D818CB1F0C3994005CA978 /* PhotosViewController.swift in Sources */ = {isa = PBXBuildFile; fileRef = 68D818CA1F0C3994005CA978 /* PhotosViewController.swift */; };
		68D818CD1F0C39FC005CA978 /* FlickrAPI.swift in Sources */ = {isa = PBXBuildFile; fileRef = 68D818CC1F0C39FC005CA978 /* FlickrAPI.swift */; };
		68D818CF1F0C48BE005CA978 /* PhotoStore.swift in Sources */ = {isa = PBXBuildFile; fileRef = 68D818CE1F0C48BE005CA978 /* PhotoStore.swift */; };
		68D818D11F0C55D5005CA978 /* Photo.swift in Sources */ = {isa = PBXBuildFile; fileRef = 68D818D01F0C55D5005CA978 /* Photo.swift */; };
/* End PBXBuildFile section */

/* Begin PBXFileReference section */
		68D818B51F0C3962005CA978 /* PhotoLibrary.app */ = {isa = PBXFileReference; explicitFileType = wrapper.application; includeInIndex = 0; path = PhotoLibrary.app; sourceTree = BUILT_PRODUCTS_DIR; };
		68D818B81F0C3962005CA978 /* AppDelegate.swift */ = {isa = PBXFileReference; lastKnownFileType = sourcecode.swift; path = AppDelegate.swift; sourceTree = "<group>"; };
		68D818BD1F0C3962005CA978 /* Base */ = {isa = PBXFileReference; lastKnownFileType = file.storyboard; name = Base; path = Base.lproj/Main.storyboard; sourceTree = "<group>"; };
		68D818BF1F0C3962005CA978 /* Assets.xcassets */ = {isa = PBXFileReference; lastKnownFileType = folder.assetcatalog; path = Assets.xcassets; sourceTree = "<group>"; };
		68D818C21F0C3962005CA978 /* Base */ = {isa = PBXFileReference; lastKnownFileType = file.storyboard; name = Base; path = Base.lproj/LaunchScreen.storyboard; sourceTree = "<group>"; };
		68D818C41F0C3962005CA978 /* Info.plist */ = {isa = PBXFileReference; lastKnownFileType = text.plist.xml; path = Info.plist; sourceTree = "<group>"; };
		68D818CA1F0C3994005CA978 /* PhotosViewController.swift */ = {isa = PBXFileReference; fileEncoding = 4; lastKnownFileType = sourcecode.swift; path = PhotosViewController.swift; sourceTree = "<group>"; };
		68D818CC1F0C39FC005CA978 /* FlickrAPI.swift */ = {isa = PBXFileReference; fileEncoding = 4; lastKnownFileType = sourcecode.swift; path = FlickrAPI.swift; sourceTree = "<group>"; };
		68D818CE1F0C48BE005CA978 /* PhotoStore.swift */ = {isa = PBXFileReference; fileEncoding = 4; lastKnownFileType = sourcecode.swift; path = PhotoStore.swift; sourceTree = "<group>"; };
		68D818D01F0C55D5005CA978 /* Photo.swift */ = {isa = PBXFileReference; fileEncoding = 4; lastKnownFileType = sourcecode.swift; path = Photo.swift; sourceTree = "<group>"; };
/* End PBXFileReference section */

/* Begin PBXFrameworksBuildPhase section */
		68D818B21F0C3962005CA978 /* Frameworks */ = {
			isa = PBXFrameworksBuildPhase;
			buildActionMask = 2147483647;
			files = (
			);
			runOnlyForDeploymentPostprocessing = 0;
		};
/* End PBXFrameworksBuildPhase section */

/* Begin PBXGroup section */
		68D818AC1F0C3961005CA978 = {
			isa = PBXGroup;
			children = (
				68D818B71F0C3962005CA978 /* PhotoLibrary */,
				68D818B61F0C3962005CA978 /* Products */,
			);
			sourceTree = "<group>";
		};
		68D818B61F0C3962005CA978 /* Products */ = {
			isa = PBXGroup;
			children = (
				68D818B51F0C3962005CA978 /* PhotoLibrary.app */,
			);
			name = Products;
			sourceTree = "<group>";
		};
		68D818B71F0C3962005CA978 /* PhotoLibrary */ = {
			isa = PBXGroup;
			children = (
				68D818B81F0C3962005CA978 /* AppDelegate.swift */,
				68D818CA1F0C3994005CA978 /* PhotosViewController.swift */,
				68D818D01F0C55D5005CA978 /* Photo.swift */,
				68D818BC1F0C3962005CA978 /* Main.storyboard */,
				68D818CC1F0C39FC005CA978 /* FlickrAPI.swift */,
				68D818CE1F0C48BE005CA978 /* PhotoStore.swift */,
				68D818BF1F0C3962005CA978 /* Assets.xcassets */,
				68D818C11F0C3962005CA978 /* LaunchScreen.storyboard */,
				68D818C41F0C3962005CA978 /* Info.plist */,
			);
			path = PhotoLibrary;
			sourceTree = "<group>";
		};
/* End PBXGroup section */

/* Begin PBXNativeTarget section */
		68D818B41F0C3962005CA978 /* PhotoLibrary */ = {
			isa = PBXNativeTarget;
			buildConfigurationList = 68D818C71F0C3962005CA978 /* Build configuration list for PBXNativeTarget "PhotoLibrary" */;
			buildPhases = (
				68D818B11F0C3962005CA978 /* Sources */,
				68D818B21F0C3962005CA978 /* Frameworks */,
				68D818B31F0C3962005CA978 /* Resources */,
			);
			buildRules = (
			);
			dependencies = (
			);
			name = PhotoLibrary;
			productName = PhotoLibrary;
			productReference = 68D818B51F0C3962005CA978 /* PhotoLibrary.app */;
			productType = "com.apple.product-type.application";
		};
/* End PBXNativeTarget section */

/* Begin PBXProject section */
		68D818AD1F0C3961005CA978 /* Project object */ = {
			isa = PBXProject;
			attributes = {
				LastSwiftUpdateCheck = 0830;
				LastUpgradeCheck = 0830;
				ORGANIZATIONNAME = "KimSoo Ha";
				TargetAttributes = {
					68D818B41F0C3962005CA978 = {
						CreatedOnToolsVersion = 8.3.1;
						ProvisioningStyle = Automatic;
					};
				};
			};
			buildConfigurationList = 68D818B01F0C3961005CA978 /* Build configuration list for PBXProject "PhotoLibrary" */;
			compatibilityVersion = "Xcode 3.2";
			developmentRegion = English;
			hasScannedForEncodings = 0;
			knownRegions = (
				en,
				Base,
			);
			mainGroup = 68D818AC1F0C3961005CA978;
			productRefGroup = 68D818B61F0C3962005CA978 /* Products */;
			projectDirPath = "";
			projectRoot = "";
			targets = (
				68D818B41F0C3962005CA978 /* PhotoLibrary */,
			);
		};
/* End PBXProject section */

/* Begin PBXResourcesBuildPhase section */
		68D818B31F0C3962005CA978 /* Resources */ = {
			isa = PBXResourcesBuildPhase;
			buildActionMask = 2147483647;
			files = (
				68D818C31F0C3962005CA978 /* LaunchScreen.storyboard in Resources */,
				68D818C01F0C3962005CA978 /* Assets.xcassets in Resources */,
				68D818BE1F0C3962005CA978 /* Main.storyboard in Resources */,
			);
			runOnlyForDeploymentPostprocessing = 0;
		};
/* End PBXResourcesBuildPhase section */

/* Begin PBXSourcesBuildPhase section */
		68D818B11F0C3962005CA978 /* Sources */ = {
			isa = PBXSourcesBuildPhase;
			buildActionMask = 2147483647;
			files = (
				68D818CD1F0C39FC005CA978 /* FlickrAPI.swift in Sources */,
				68D818CB1F0C3994005CA978 /* PhotosViewController.swift in Sources */,
				68D818CF1F0C48BE005CA978 /* PhotoStore.swift in Sources */,
				68D818B91F0C3962005CA978 /* AppDelegate.swift in Sources */,
				68D818D11F0C55D5005CA978 /* Photo.swift in Sources */,
			);
			runOnlyForDeploymentPostprocessing = 0;
		};
/* End PBXSourcesBuildPhase section */

/* Begin PBXVariantGroup section */
		68D818BC1F0C3962005CA978 /* Main.storyboard */ = {
			isa = PBXVariantGroup;
			children = (
				68D818BD1F0C3962005CA978 /* Base */,
			);
			name = Main.storyboard;
			sourceTree = "<group>";
		};
		68D818C11F0C3962005CA978 /* LaunchScreen.storyboard */ = {
			isa = PBXVariantGroup;
			children = (
				68D818C21F0C3962005CA978 /* Base */,
			);
			name = LaunchScreen.storyboard;
			sourceTree = "<group>";
		};
/* End PBXVariantGroup section */

/* Begin XCBuildConfiguration section */
		68D818C51F0C3962005CA978 /* Debug */ = {
			isa = XCBuildConfiguration;
			buildSettings = {
				ALWAYS_SEARCH_USER_PATHS = NO;
				CLANG_ANALYZER_NONNULL = YES;
				CLANG_ANALYZER_NUMBER_OBJECT_CONVERSION = YES_AGGRESSIVE;
				CLANG_CXX_LANGUAGE_STANDARD = "gnu++0x";
				CLANG_CXX_LIBRARY = "libc++";
				CLANG_ENABLE_MODULES = YES;
				CLANG_ENABLE_OBJC_ARC = YES;
				CLANG_WARN_BOOL_CONVERSION = YES;
				CLANG_WARN_CONSTANT_CONVERSION = YES;
				CLANG_WARN_DIRECT_OBJC_ISA_USAGE = YES_ERROR;
				CLANG_WARN_DOCUMENTATION_COMMENTS = YES;
				CLANG_WARN_EMPTY_BODY = YES;
				CLANG_WARN_ENUM_CONVERSION = YES;
				CLANG_WARN_INFINITE_RECURSION = YES;
				CLANG_WARN_INT_CONVERSION = YES;
				CLANG_WARN_OBJC_ROOT_CLASS = YES_ERROR;
				CLANG_WARN_SUSPICIOUS_MOVE = YES;
				CLANG_WARN_UNREACHABLE_CODE = YES;
				CLANG_WARN__DUPLICATE_METHOD_MATCH = YES;
				"CODE_SIGN_IDENTITY[sdk=iphoneos*]" = "iPhone Developer";
				COPY_PHASE_STRIP = NO;
				DEBUG_INFORMATION_FORMAT = dwarf;
				ENABLE_STRICT_OBJC_MSGSEND = YES;
				ENABLE_TESTABILITY = YES;
				GCC_C_LANGUAGE_STANDARD = gnu99;
				GCC_DYNAMIC_NO_PIC = NO;
				GCC_NO_COMMON_BLOCKS = YES;
				GCC_OPTIMIZATION_LEVEL = 0;
				GCC_PREPROCESSOR_DEFINITIONS = (
					"DEBUG=1",
					"$(inherited)",
				);
				GCC_WARN_64_TO_32_BIT_CONVERSION = YES;
				GCC_WARN_ABOUT_RETURN_TYPE = YES_ERROR;
				GCC_WARN_UNDECLARED_SELECTOR = YES;
				GCC_WARN_UNINITIALIZED_AUTOS = YES_AGGRESSIVE;
				GCC_WARN_UNUSED_FUNCTION = YES;
				GCC_WARN_UNUSED_VARIABLE = YES;
				IPHONEOS_DEPLOYMENT_TARGET = 10.3;
				MTL_ENABLE_DEBUG_INFO = YES;
				ONLY_ACTIVE_ARCH = YES;
				SDKROOT = iphoneos;
				SWIFT_ACTIVE_COMPILATION_CONDITIONS = DEBUG;
				SWIFT_OPTIMIZATION_LEVEL = "-Onone";
			};
			name = Debug;
		};
		68D818C61F0C3962005CA978 /* Release */ = {
			isa = XCBuildConfiguration;
			buildSettings = {
				ALWAYS_SEARCH_USER_PATHS = NO;
				CLANG_ANALYZER_NONNULL = YES;
				CLANG_ANALYZER_NUMBER_OBJECT_CONVERSION = YES_AGGRESSIVE;
				CLANG_CXX_LANGUAGE_STANDARD = "gnu++0x";
				CLANG_CXX_LIBRARY = "libc++";
				CLANG_ENABLE_MODULES = YES;
				CLANG_ENABLE_OBJC_ARC = YES;
				CLANG_WARN_BOOL_CONVERSION = YES;
				CLANG_WARN_CONSTANT_CONVERSION = YES;
				CLANG_WARN_DIRECT_OBJC_ISA_USAGE = YES_ERROR;
				CLANG_WARN_DOCUMENTATION_COMMENTS = YES;
				CLANG_WARN_EMPTY_BODY = YES;
				CLANG_WARN_ENUM_CONVERSION = YES;
				CLANG_WARN_INFINITE_RECURSION = YES;
				CLANG_WARN_INT_CONVERSION = YES;
				CLANG_WARN_OBJC_ROOT_CLASS = YES_ERROR;
				CLANG_WARN_SUSPICIOUS_MOVE = YES;
				CLANG_WARN_UNREACHABLE_CODE = YES;
				CLANG_WARN__DUPLICATE_METHOD_MATCH = YES;
				"CODE_SIGN_IDENTITY[sdk=iphoneos*]" = "iPhone Developer";
				COPY_PHASE_STRIP = NO;
				DEBUG_INFORMATION_FORMAT = "dwarf-with-dsym";
				ENABLE_NS_ASSERTIONS = NO;
				ENABLE_STRICT_OBJC_MSGSEND = YES;
				GCC_C_LANGUAGE_STANDARD = gnu99;
				GCC_NO_COMMON_BLOCKS = YES;
				GCC_WARN_64_TO_32_BIT_CONVERSION = YES;
				GCC_WARN_ABOUT_RETURN_TYPE = YES_ERROR;
				GCC_WARN_UNDECLARED_SELECTOR = YES;
				GCC_WARN_UNINITIALIZED_AUTOS = YES_AGGRESSIVE;
				GCC_WARN_UNUSED_FUNCTION = YES;
				GCC_WARN_UNUSED_VARIABLE = YES;
				IPHONEOS_DEPLOYMENT_TARGET = 10.3;
				MTL_ENABLE_DEBUG_INFO = NO;
				SDKROOT = iphoneos;
				SWIFT_OPTIMIZATION_LEVEL = "-Owholemodule";
				VALIDATE_PRODUCT = YES;
			};
			name = Release;
		};
		68D818C81F0C3962005CA978 /* Debug */ = {
			isa = XCBuildConfiguration;
			buildSettings = {
				ASSETCATALOG_COMPILER_APPICON_NAME = AppIcon;
				INFOPLIST_FILE = PhotoLibrary/Info.plist;
				LD_RUNPATH_SEARCH_PATHS = "$(inherited) @executable_path/Frameworks";
				PRODUCT_BUNDLE_IDENTIFIER = com.PhotoLibrary;
				PRODUCT_NAME = "$(TARGET_NAME)";
				SWIFT_VERSION = 3.0;
			};
			name = Debug;
		};
		68D818C91F0C3962005CA978 /* Release */ = {
			isa = XCBuildConfiguration;
			buildSettings = {
				ASSETCATALOG_COMPILER_APPICON_NAME = AppIcon;
				INFOPLIST_FILE = PhotoLibrary/Info.plist;
				LD_RUNPATH_SEARCH_PATHS = "$(inherited) @executable_path/Frameworks";
				PRODUCT_BUNDLE_IDENTIFIER = com.PhotoLibrary;
				PRODUCT_NAME = "$(TARGET_NAME)";
				SWIFT_VERSION = 3.0;
			};
			name = Release;
		};
/* End XCBuildConfiguration section */

/* Begin XCConfigurationList section */
		68D818B01F0C3961005CA978 /* Build configuration list for PBXProject "PhotoLibrary" */ = {
			isa = XCConfigurationList;
			buildConfigurations = (
				68D818C51F0C3962005CA978 /* Debug */,
				68D818C61F0C3962005CA978 /* Release */,
			);
			defaultConfigurationIsVisible = 0;
			defaultConfigurationName = Release;
		};
		68D818C71F0C3962005CA978 /* Build configuration list for PBXNativeTarget "PhotoLibrary" */ = {
			isa = XCConfigurationList;
			buildConfigurations = (
				68D818C81F0C3962005CA978 /* Debug */,
				68D818C91F0C3962005CA978 /* Release */,
			);
			defaultConfigurationIsVisible = 0;
		};
/* End XCConfigurationList section */
	};
	rootObject = 68D818AD1F0C3961005CA978 /* Project object */;
}
